
Microsoft Visual Studio Solution File, Format Version 12.00
# Visual Studio Version 17
VisualStudioVersion = 17.1.32210.238
MinimumVisualStudioVersion = 10.0.40219.1
Project("{2150E333-8FDC-42A3-9474-1A3956D46DE8}") = "src", "src", "{EC032E50-743E-482C-BA4F-5AFD6E854362}"
EndProject
Project("{2150E333-8FDC-42A3-9474-1A3956D46DE8}") = "Applications", "Applications", "{7D4D084F-34A4-4EA6-9D5B-42239ACEF031}"
EndProject
Project("{2150E333-8FDC-42A3-9474-1A3956D46DE8}") = "Domain", "Domain", "{7E4CFF32-58CB-4172-8800-4D4752F2CB22}"
EndProject
Project("{2150E333-8FDC-42A3-9474-1A3956D46DE8}") = "Infrastructure", "Infrastructure", "{290AB099-4147-4167-8E87-AB970D1FF6A6}"
EndProject
Project("{9A19103F-16F7-4668-BE54-9A1E7A4F7556}") = "Weather.AppService", "src\Applications\Weather.AppService\Weather.AppService.csproj", "{984378C4-7668-4321-B2E3-65B93077598B}"
EndProject
Project("{9A19103F-16F7-4668-BE54-9A1E7A4F7556}") = "Domain.Models", "src\Domain\Domain.Model\Domain.Models.csproj", "{9129A9B1-BE9B-4130-A5D3-4BB1F8363E13}"
EndProject
Project("{9A19103F-16F7-4668-BE54-9A1E7A4F7556}") = "Domain.UseCases", "src\Domain\Domain.UseCase\Domain.UseCases.csproj", "{AB9A43CB-07BD-4744-B005-9B01DDEAC2C7}"
EndProject
Project("{2150E333-8FDC-42A3-9474-1A3956D46DE8}") = "DrivenAdapters", "DrivenAdapters", "{02A01ECF-0FEA-4F0D-AC6A-D63F68CF5CD9}"
EndProject
Project("{2150E333-8FDC-42A3-9474-1A3956D46DE8}") = "EntryPoints", "EntryPoints", "{E595EFA5-E95A-45D7-8273-82D6957C730C}"
EndProject
Project("{9A19103F-16F7-4668-BE54-9A1E7A4F7556}") = "EntryPoint.ReactiveWeb", "src\Infrastructure\EntryPoints\EntryPoint.ReactiveWeb\EntryPoint.ReactiveWeb.csproj", "{0F10CAF0-CB58-4953-8798-A4C826FF27AF}"
EndProject
Project("{2150E333-8FDC-42A3-9474-1A3956D46DE8}") = "Helpers", "Helpers", "{8E6DC35A-571F-444A-AF31-9D9DE595ECFE}"
EndProject
Project("{9A19103F-16F7-4668-BE54-9A1E7A4F7556}") = "Helpers.Commons", "src\Infrastructure\Helpers\Helpers.Commons\Helpers.Commons.csproj", "{A8EF5CBA-2AFA-440E-950D-0D0BD8E5EDF8}"
EndProject
Project("{9A19103F-16F7-4668-BE54-9A1E7A4F7556}") = "DrivenAdapter.Mongo", "src\Infrastructure\DrivenAdapters\DrivenAdapter.Mongo\DrivenAdapter.Mongo.csproj", "{053B47A7-2E8F-4548-B7E4-058DC1014BB2}"
EndProject
Global
	GlobalSection(SolutionConfigurationPlatforms) = preSolution
		Debug|Any CPU = Debug|Any CPU
		Release|Any CPU = Release|Any CPU
	EndGlobalSection
	GlobalSection(ProjectConfigurationPlatforms) = postSolution
		{984378C4-7668-4321-B2E3-65B93077598B}.Debug|Any CPU.ActiveCfg = Debug|Any CPU
		{984378C4-7668-4321-B2E3-65B93077598B}.Debug|Any CPU.Build.0 = Debug|Any CPU
		{984378C4-7668-4321-B2E3-65B93077598B}.Release|Any CPU.ActiveCfg = Release|Any CPU
		{984378C4-7668-4321-B2E3-65B93077598B}.Release|Any CPU.Build.0 = Release|Any CPU
		{9129A9B1-BE9B-4130-A5D3-4BB1F8363E13}.Debug|Any CPU.ActiveCfg = Debug|Any CPU
		{9129A9B1-BE9B-4130-A5D3-4BB1F8363E13}.Debug|Any CPU.Build.0 = Debug|Any CPU
		{9129A9B1-BE9B-4130-A5D3-4BB1F8363E13}.Release|Any CPU.ActiveCfg = Release|Any CPU
		{9129A9B1-BE9B-4130-A5D3-4BB1F8363E13}.Release|Any CPU.Build.0 = Release|Any CPU
		{AB9A43CB-07BD-4744-B005-9B01DDEAC2C7}.Debug|Any CPU.ActiveCfg = Debug|Any CPU
		{AB9A43CB-07BD-4744-B005-9B01DDEAC2C7}.Debug|Any CPU.Build.0 = Debug|Any CPU
		{AB9A43CB-07BD-4744-B005-9B01DDEAC2C7}.Release|Any CPU.ActiveCfg = Release|Any CPU
		{AB9A43CB-07BD-4744-B005-9B01DDEAC2C7}.Release|Any CPU.Build.0 = Release|Any CPU
		{0F10CAF0-CB58-4953-8798-A4C826FF27AF}.Debug|Any CPU.ActiveCfg = Debug|Any CPU
		{0F10CAF0-CB58-4953-8798-A4C826FF27AF}.Debug|Any CPU.Build.0 = Debug|Any CPU
		{0F10CAF0-CB58-4953-8798-A4C826FF27AF}.Release|Any CPU.ActiveCfg = Release|Any CPU
		{0F10CAF0-CB58-4953-8798-A4C826FF27AF}.Release|Any CPU.Build.0 = Release|Any CPU
		{A8EF5CBA-2AFA-440E-950D-0D0BD8E5EDF8}.Debug|Any CPU.ActiveCfg = Debug|Any CPU
		{A8EF5CBA-2AFA-440E-950D-0D0BD8E5EDF8}.Debug|Any CPU.Build.0 = Debug|Any CPU
		{A8EF5CBA-2AFA-440E-950D-0D0BD8E5EDF8}.Release|Any CPU.ActiveCfg = Release|Any CPU
		{A8EF5CBA-2AFA-440E-950D-0D0BD8E5EDF8}.Release|Any CPU.Build.0 = Release|Any CPU
		{053B47A7-2E8F-4548-B7E4-058DC1014BB2}.Debug|Any CPU.ActiveCfg = Debug|Any CPU
		{053B47A7-2E8F-4548-B7E4-058DC1014BB2}.Debug|Any CPU.Build.0 = Debug|Any CPU
		{053B47A7-2E8F-4548-B7E4-058DC1014BB2}.Release|Any CPU.ActiveCfg = Release|Any CPU
		{053B47A7-2E8F-4548-B7E4-058DC1014BB2}.Release|Any CPU.Build.0 = Release|Any CPU
	EndGlobalSection
	GlobalSection(SolutionProperties) = preSolution
		HideSolutionNode = FALSE
	EndGlobalSection
	GlobalSection(NestedProjects) = preSolution
		{7D4D084F-34A4-4EA6-9D5B-42239ACEF031} = {EC032E50-743E-482C-BA4F-5AFD6E854362}
		{7E4CFF32-58CB-4172-8800-4D4752F2CB22} = {EC032E50-743E-482C-BA4F-5AFD6E854362}
		{290AB099-4147-4167-8E87-AB970D1FF6A6} = {EC032E50-743E-482C-BA4F-5AFD6E854362}
		{984378C4-7668-4321-B2E3-65B93077598B} = {7D4D084F-34A4-4EA6-9D5B-42239ACEF031}
		{9129A9B1-BE9B-4130-A5D3-4BB1F8363E13} = {7E4CFF32-58CB-4172-8800-4D4752F2CB22}
		{AB9A43CB-07BD-4744-B005-9B01DDEAC2C7} = {7E4CFF32-58CB-4172-8800-4D4752F2CB22}
		{02A01ECF-0FEA-4F0D-AC6A-D63F68CF5CD9} = {290AB099-4147-4167-8E87-AB970D1FF6A6}
		{E595EFA5-E95A-45D7-8273-82D6957C730C} = {290AB099-4147-4167-8E87-AB970D1FF6A6}
		{0F10CAF0-CB58-4953-8798-A4C826FF27AF} = {E595EFA5-E95A-45D7-8273-82D6957C730C}
		{8E6DC35A-571F-444A-AF31-9D9DE595ECFE} = {290AB099-4147-4167-8E87-AB970D1FF6A6}
		{A8EF5CBA-2AFA-440E-950D-0D0BD8E5EDF8} = {8E6DC35A-571F-444A-AF31-9D9DE595ECFE}
		{053B47A7-2E8F-4548-B7E4-058DC1014BB2} = {02A01ECF-0FEA-4F0D-AC6A-D63F68CF5CD9}
	EndGlobalSection
	GlobalSection(ExtensibilityGlobals) = postSolution
		SolutionGuid = {DEADC420-D31E-48B3-84F4-726F4172B7FB}
	EndGlobalSection
EndGlobal
